
Microsoft Visual Studio Solution File, Format Version 12.00
# Visual Studio Version 17
VisualStudioVersion = 17.0.31903.59
MinimumVisualStudioVersion = 10.0.40219.1
Project("{2150E333-8FDC-42A3-9474-1A3956D46DE8}") = "src", "src", "{827E0CD3-B72D-47B6-A68D-7590B98EB39B}"
EndProject
Project("{FAE04EC0-301F-11D3-BF4B-00C04F79EFBC}") = "Orders.Domain", "src\Orders.Domain\Orders.Domain.csproj", "{D95DAF7A-1F7E-4112-A150-E154CEA56B4C}"
EndProject
Project("{FAE04EC0-301F-11D3-BF4B-00C04F79EFBC}") = "Orders.Application", "src\Orders.Application\Orders.Application.csproj", "{CF23B1B6-6142-4ED8-936E-83F8DCFA599F}"
EndProject
Project("{FAE04EC0-301F-11D3-BF4B-00C04F79EFBC}") = "Orders.Infrastructure", "src\Orders.Infrastructure\Orders.Infrastructure.csproj", "{3138A975-2206-4F16-A61F-BC186B742FEE}"
EndProject
Project("{FAE04EC0-301F-11D3-BF4B-00C04F79EFBC}") = "Orders.API", "src\Orders.API\Orders.API.csproj", "{723F7537-1A06-4523-AAF4-C86487D98BF9}"
EndProject
Project("{FAE04EC0-301F-11D3-BF4B-00C04F79EFBC}") = "Tests", "Tests\Tests.csproj", "{57EFF878-298C-4713-A9DE-454A485C68B9}"
EndProject
Project("{FAE04EC0-301F-11D3-BF4B-00C04F79EFBC}") = "ApiGateway", "src\ApiGateway\ApiGateway.csproj", "{014A64CA-C1B6-4F7F-925C-5E9141E73CF8}"
EndProject
Global
	GlobalSection(SolutionConfigurationPlatforms) = preSolution
		Debug|Any CPU = Debug|Any CPU
		Debug|x64 = Debug|x64
		Debug|x86 = Debug|x86
		Release|Any CPU = Release|Any CPU
		Release|x64 = Release|x64
		Release|x86 = Release|x86
	EndGlobalSection
	GlobalSection(ProjectConfigurationPlatforms) = postSolution
		{D95DAF7A-1F7E-4112-A150-E154CEA56B4C}.Debug|Any CPU.ActiveCfg = Debug|Any CPU
		{D95DAF7A-1F7E-4112-A150-E154CEA56B4C}.Debug|Any CPU.Build.0 = Debug|Any CPU
		{D95DAF7A-1F7E-4112-A150-E154CEA56B4C}.Debug|x64.ActiveCfg = Debug|Any CPU
		{D95DAF7A-1F7E-4112-A150-E154CEA56B4C}.Debug|x64.Build.0 = Debug|Any CPU
		{D95DAF7A-1F7E-4112-A150-E154CEA56B4C}.Debug|x86.ActiveCfg = Debug|Any CPU
		{D95DAF7A-1F7E-4112-A150-E154CEA56B4C}.Debug|x86.Build.0 = Debug|Any CPU
		{D95DAF7A-1F7E-4112-A150-E154CEA56B4C}.Release|Any CPU.ActiveCfg = Release|Any CPU
		{D95DAF7A-1F7E-4112-A150-E154CEA56B4C}.Release|Any CPU.Build.0 = Release|Any CPU
		{D95DAF7A-1F7E-4112-A150-E154CEA56B4C}.Release|x64.ActiveCfg = Release|Any CPU
		{D95DAF7A-1F7E-4112-A150-E154CEA56B4C}.Release|x64.Build.0 = Release|Any CPU
		{D95DAF7A-1F7E-4112-A150-E154CEA56B4C}.Release|x86.ActiveCfg = Release|Any CPU
		{D95DAF7A-1F7E-4112-A150-E154CEA56B4C}.Release|x86.Build.0 = Release|Any CPU
		{CF23B1B6-6142-4ED8-936E-83F8DCFA599F}.Debug|Any CPU.ActiveCfg = Debug|Any CPU
		{CF23B1B6-6142-4ED8-936E-83F8DCFA599F}.Debug|Any CPU.Build.0 = Debug|Any CPU
		{CF23B1B6-6142-4ED8-936E-83F8DCFA599F}.Debug|x64.ActiveCfg = Debug|Any CPU
		{CF23B1B6-6142-4ED8-936E-83F8DCFA599F}.Debug|x64.Build.0 = Debug|Any CPU
		{CF23B1B6-6142-4ED8-936E-83F8DCFA599F}.Debug|x86.ActiveCfg = Debug|Any CPU
		{CF23B1B6-6142-4ED8-936E-83F8DCFA599F}.Debug|x86.Build.0 = Debug|Any CPU
		{CF23B1B6-6142-4ED8-936E-83F8DCFA599F}.Release|Any CPU.ActiveCfg = Release|Any CPU
		{CF23B1B6-6142-4ED8-936E-83F8DCFA599F}.Release|Any CPU.Build.0 = Release|Any CPU
		{CF23B1B6-6142-4ED8-936E-83F8DCFA599F}.Release|x64.ActiveCfg = Release|Any CPU
		{CF23B1B6-6142-4ED8-936E-83F8DCFA599F}.Release|x64.Build.0 = Release|Any CPU
		{CF23B1B6-6142-4ED8-936E-83F8DCFA599F}.Release|x86.ActiveCfg = Release|Any CPU
		{CF23B1B6-6142-4ED8-936E-83F8DCFA599F}.Release|x86.Build.0 = Release|Any CPU
		{3138A975-2206-4F16-A61F-BC186B742FEE}.Debug|Any CPU.ActiveCfg = Debug|Any CPU
		{3138A975-2206-4F16-A61F-BC186B742FEE}.Debug|Any CPU.Build.0 = Debug|Any CPU
		{3138A975-2206-4F16-A61F-BC186B742FEE}.Debug|x64.ActiveCfg = Debug|Any CPU
		{3138A975-2206-4F16-A61F-BC186B742FEE}.Debug|x64.Build.0 = Debug|Any CPU
		{3138A975-2206-4F16-A61F-BC186B742FEE}.Debug|x86.ActiveCfg = Debug|Any CPU
		{3138A975-2206-4F16-A61F-BC186B742FEE}.Debug|x86.Build.0 = Debug|Any CPU
		{3138A975-2206-4F16-A61F-BC186B742FEE}.Release|Any CPU.ActiveCfg = Release|Any CPU
		{3138A975-2206-4F16-A61F-BC186B742FEE}.Release|Any CPU.Build.0 = Release|Any CPU
		{3138A975-2206-4F16-A61F-BC186B742FEE}.Release|x64.ActiveCfg = Release|Any CPU
		{3138A975-2206-4F16-A61F-BC186B742FEE}.Release|x64.Build.0 = Release|Any CPU
		{3138A975-2206-4F16-A61F-BC186B742FEE}.Release|x86.ActiveCfg = Release|Any CPU
		{3138A975-2206-4F16-A61F-BC186B742FEE}.Release|x86.Build.0 = Release|Any CPU
		{723F7537-1A06-4523-AAF4-C86487D98BF9}.Debug|Any CPU.ActiveCfg = Debug|Any CPU
		{723F7537-1A06-4523-AAF4-C86487D98BF9}.Debug|Any CPU.Build.0 = Debug|Any CPU
		{723F7537-1A06-4523-AAF4-C86487D98BF9}.Debug|x64.ActiveCfg = Debug|Any CPU
		{723F7537-1A06-4523-AAF4-C86487D98BF9}.Debug|x64.Build.0 = Debug|Any CPU
		{723F7537-1A06-4523-AAF4-C86487D98BF9}.Debug|x86.ActiveCfg = Debug|Any CPU
		{723F7537-1A06-4523-AAF4-C86487D98BF9}.Debug|x86.Build.0 = Debug|Any CPU
		{723F7537-1A06-4523-AAF4-C86487D98BF9}.Release|Any CPU.ActiveCfg = Release|Any CPU
		{723F7537-1A06-4523-AAF4-C86487D98BF9}.Release|Any CPU.Build.0 = Release|Any CPU
		{723F7537-1A06-4523-AAF4-C86487D98BF9}.Release|x64.ActiveCfg = Release|Any CPU
		{723F7537-1A06-4523-AAF4-C86487D98BF9}.Release|x64.Build.0 = Release|Any CPU
		{723F7537-1A06-4523-AAF4-C86487D98BF9}.Release|x86.ActiveCfg = Release|Any CPU
		{723F7537-1A06-4523-AAF4-C86487D98BF9}.Release|x86.Build.0 = Release|Any CPU
		{57EFF878-298C-4713-A9DE-454A485C68B9}.Debug|Any CPU.ActiveCfg = Debug|Any CPU
		{57EFF878-298C-4713-A9DE-454A485C68B9}.Debug|Any CPU.Build.0 = Debug|Any CPU
		{57EFF878-298C-4713-A9DE-454A485C68B9}.Debug|x64.ActiveCfg = Debug|Any CPU
		{57EFF878-298C-4713-A9DE-454A485C68B9}.Debug|x64.Build.0 = Debug|Any CPU
		{57EFF878-298C-4713-A9DE-454A485C68B9}.Debug|x86.ActiveCfg = Debug|Any CPU
		{57EFF878-298C-4713-A9DE-454A485C68B9}.Debug|x86.Build.0 = Debug|Any CPU
		{57EFF878-298C-4713-A9DE-454A485C68B9}.Release|Any CPU.ActiveCfg = Release|Any CPU
		{57EFF878-298C-4713-A9DE-454A485C68B9}.Release|Any CPU.Build.0 = Release|Any CPU
		{57EFF878-298C-4713-A9DE-454A485C68B9}.Release|x64.ActiveCfg = Release|Any CPU
		{57EFF878-298C-4713-A9DE-454A485C68B9}.Release|x64.Build.0 = Release|Any CPU
		{57EFF878-298C-4713-A9DE-454A485C68B9}.Release|x86.ActiveCfg = Release|Any CPU
		{57EFF878-298C-4713-A9DE-454A485C68B9}.Release|x86.Build.0 = Release|Any CPU
		{014A64CA-C1B6-4F7F-925C-5E9141E73CF8}.Debug|Any CPU.ActiveCfg = Debug|Any CPU
		{014A64CA-C1B6-4F7F-925C-5E9141E73CF8}.Debug|Any CPU.Build.0 = Debug|Any CPU
		{014A64CA-C1B6-4F7F-925C-5E9141E73CF8}.Debug|x64.ActiveCfg = Debug|Any CPU
		{014A64CA-C1B6-4F7F-925C-5E9141E73CF8}.Debug|x64.Build.0 = Debug|Any CPU
		{014A64CA-C1B6-4F7F-925C-5E9141E73CF8}.Debug|x86.ActiveCfg = Debug|Any CPU
		{014A64CA-C1B6-4F7F-925C-5E9141E73CF8}.Debug|x86.Build.0 = Debug|Any CPU
		{014A64CA-C1B6-4F7F-925C-5E9141E73CF8}.Release|Any CPU.ActiveCfg = Release|Any CPU
		{014A64CA-C1B6-4F7F-925C-5E9141E73CF8}.Release|Any CPU.Build.0 = Release|Any CPU
		{014A64CA-C1B6-4F7F-925C-5E9141E73CF8}.Release|x64.ActiveCfg = Release|Any CPU
		{014A64CA-C1B6-4F7F-925C-5E9141E73CF8}.Release|x64.Build.0 = Release|Any CPU
		{014A64CA-C1B6-4F7F-925C-5E9141E73CF8}.Release|x86.ActiveCfg = Release|Any CPU
		{014A64CA-C1B6-4F7F-925C-5E9141E73CF8}.Release|x86.Build.0 = Release|Any CPU
	EndGlobalSection
	GlobalSection(SolutionProperties) = preSolution
		HideSolutionNode = FALSE
	EndGlobalSection
	GlobalSection(NestedProjects) = preSolution
		{D95DAF7A-1F7E-4112-A150-E154CEA56B4C} = {827E0CD3-B72D-47B6-A68D-7590B98EB39B}
		{CF23B1B6-6142-4ED8-936E-83F8DCFA599F} = {827E0CD3-B72D-47B6-A68D-7590B98EB39B}
		{3138A975-2206-4F16-A61F-BC186B742FEE} = {827E0CD3-B72D-47B6-A68D-7590B98EB39B}
		{723F7537-1A06-4523-AAF4-C86487D98BF9} = {827E0CD3-B72D-47B6-A68D-7590B98EB39B}
		{014A64CA-C1B6-4F7F-925C-5E9141E73CF8} = {827E0CD3-B72D-47B6-A68D-7590B98EB39B}
	EndGlobalSection
	GlobalSection(ExtensibilityGlobals) = postSolution
		SolutionGuid = {B8D229D6-0489-4287-AEAF-8B9291B326AE}
	EndGlobalSection
EndGlobal
